# THIS IS AN AUTOGENERATED FILE. DO NOT EDIT THIS FILE DIRECTLY.
# yarn lockfile v1


customize-cra@^1.0.0:
  version "1.0.0"
  resolved "https://registry.yarnpkg.com/customize-cra/-/customize-cra-1.0.0.tgz#73286563631aa08127ad4d30a2e3c89cf4e93c8d"
  integrity sha512-DbtaLuy59224U+xCiukkxSq8clq++MOtJ1Et7LED1fLszWe88EoblEYFBJ895sB1mC6B4uu3xPT/IjClELhMbA==
  dependencies:
    lodash.flow "^3.5.0"

lodash.flow@^3.5.0:
  version "3.5.0"
  resolved "https://registry.yarnpkg.com/lodash.flow/-/lodash.flow-3.5.0.tgz#87bf40292b8cf83e4e8ce1a3ae4209e20071675a"
  integrity sha512-ff3BX/tSioo+XojX4MOsOMhJw0nZoUEF011LX8g8d3gvjVbxd89cCio4BCXronjxcTUIJUoqKEUA+n4CqvvRPw==

react-app-rewired@^2.2.1:
  version "2.2.1"
  resolved "https://registry.yarnpkg.com/react-app-rewired/-/react-app-rewired-2.2.1.tgz#84901ee1e3f26add0377ebec0b41bcdfce9fc211"
  integrity sha512-uFQWTErXeLDrMzOJHKp0h8P1z0LV9HzPGsJ6adOtGlA/B9WfT6Shh4j2tLTTGlXOfiVx6w6iWpp7SOC5pvk+gA==
  dependencies:
    semver "^5.6.0"

semver@^5.6.0:
  version "5.7.1"
  resolved "https://registry.yarnpkg.com/semver/-/semver-5.7.1.tgz#a954f931aeba508d307bbf069eff0c01c96116f7"
  integrity sha512-sauaDf/PZdVgrLTNYHRtpXa1iRiKcaebiKQ1BJdpQlWH2lCvexQdX55snPFyK7QzpudqbCI0qXFfOasHdyNDGQ==
